
Microsoft Visual Studio Solution File, Format Version 12.00
# Visual Studio Version 17
VisualStudioVersion = 17.5.33530.505
MinimumVisualStudioVersion = 10.0.40219.1
Project("{FAE04EC0-301F-11D3-BF4B-00C04F79EFBC}") = "ClipboardTool", "ClipboardTool\ClipboardTool.csproj", "{4ADD9078-E46C-4022-89CC-2A4971F0C87D}"
EndProject
Global
	GlobalSection(SolutionConfigurationPlatforms) = preSolution
		Debug|Any CPU = Debug|Any CPU
		Release|Any CPU = Release|Any CPU
	EndGlobalSection
	GlobalSection(ProjectConfigurationPlatforms) = postSolution
		{4ADD9078-E46C-4022-89CC-2A4971F0C87D}.Debug|Any CPU.ActiveCfg = Debug|Any CPU
		{4ADD9078-E46C-4022-89CC-2A4971F0C87D}.Debug|Any CPU.Build.0 = Debug|Any CPU
		{4ADD9078-E46C-4022-89CC-2A4971F0C87D}.Release|Any CPU.ActiveCfg = Release|Any CPU
		{4ADD9078-E46C-4022-89CC-2A4971F0C87D}.Release|Any CPU.Build.0 = Release|Any CPU
	EndGlobalSection
	GlobalSection(SolutionProperties) = preSolution
		HideSolutionNode = FALSE
	EndGlobalSection
	GlobalSection(ExtensibilityGlobals) = postSolution
		SolutionGuid = {75C90763-5C63-48CF-AD02-A89452EED2C1}
	EndGlobalSection
EndGlobal
